schema_version: registry-docs.archive-lock.v1
archives:
  v0.13.0:
    bundle_sha256: acd75c7b5ced5d2d14c21a04312ad21dac654a09fdfff692612553dbdfb8dd59
    tree_sha256: fcf63200a9d4e0d5aa42d819e7107e1d2934ed8c9a973e08c9eb8f3bf14886ae
  v0.12.2:
    bundle_sha256: 159f46ee4534408992976e2b8e4d3b611674cf8598dfae742adabcbe5ec12253
    tree_sha256: e31135cfc735df46f38c9a79d7f80ce484bac538d88ffc7709c3825745f4362a
  v0.12.1:
    bundle_sha256: 79d5386b9a93c1789af9469447dd4268a50ba001f8a1d7005096f291a4e4cb4f
    tree_sha256: f42bae577b388779498931f49bcf031db5dc5b1dad065e30ccaa278e1f1c8c42
  v0.12.0:
    bundle_sha256: cbf67e3b7f1e9b10f9f6226ce4942418270815e85d852ad8a3a040ee4d061e5c
    tree_sha256: 50cb42e2bb426d99db511326fa8d68bd10b562fdf50219378b2aeecf39d5b38c
  v0.11.0:
    bundle_sha256: d260947162aa565c28fb2aa96fa0ab17f3fc09ce4211cb1532ac819bf74b8dc5
    tree_sha256: b4321dcc2e18b7968847a3f7e532d7129ed00d14806f23219ac8f9ebeaef3d78
  v0.10.0:
    bundle_sha256: 1da99fd82a7778ade7aa2995b42d8644e179610c5af118b550d0d3e7f1ab833a
    tree_sha256: 0002c9c8e8c28fc69a54f6f18039a303e3c50c0f49d149636b279a867ffd4011
  v0.9.0:
    bundle_sha256: 5df98897696644385c53372f528a2f967218014cd965968a0bb3c44498742425
    tree_sha256: 67a5e24fa90e55c7111bdc53f9aab8814b89286fee57df7a6460111892f9ea80
  v0.8.4:
    bundle_sha256: 36b15c6a11bfd7fffa3fba4700f497310b04fe35a7e47cb73ec453f4e719bee0
    tree_sha256: e41940dd9641330153d10568d487170b1f13290e576b98c0adc66c051f10e86a
  v0.8.3:
    bundle_sha256: 7ab235ea0b6be4659c35b8393de18d4693172664fbf9ddc8a400980131b6255a
    tree_sha256: ccb18537e23b80266e8b3eaaf33621671fd42d97988ebcb35413ab70b89892f4
  v0.8.2:
    bundle_sha256: 47eefcd0246df0ed13d94f563033e4e176f3965575b56a510018827d063307f3
    tree_sha256: 88d6e2d2d4bb88afde9e22adc4f2c82274af9f4edd5f8a29d07c170a39bfda86
  v0.8.1:
    bundle_sha256: 6a155a7eb2d7e04120c8c1c0e5615934de318a217150a866cd2a906298503b10
    tree_sha256: b7714c5ded3d441ae4706d30e7fa940e6bac591af9a2013216fd29b757544244
  beta-5:
    bundle_sha256: e691e39d19379877ce0dc549497a00f892bcc58f8d7d5fbcb82f95779781d6ca
    tree_sha256: 010739e3b0f04babdcc1853b5f021debce953ba0dd612fe398b7153867cfc5bc
  beta-4:
    bundle_sha256: a692527fcea94ef544302a688c93b33be1bf69a9816013750dc6a397b403d69e
    tree_sha256: 43423bbfa14dfcf7363b47c43e155151e32d24411768d7f1cefa25b36f050ed7
  beta-3:
    bundle_sha256: ca21bb0cf0b40a29a377f54435f10ff548f7e1efd6af18ceeb5981ab48ca886f
    tree_sha256: ac44d33367fa1da6ba4392e28ff74e39a593e733b5b4c5a4c7c30135d6e211e5
  beta-2026-06-12:
    bundle_sha256: fe79d51e32d0a21eb7e2a36bd8ce3ba689556b95bde795e38457c592f7a3ce8a
    tree_sha256: 1efec40da020a14a6b07ddf5c475ea122539f691cc2f2ac13296ef257ed29ec6
