schema_version: registry-docs.archive-lock.v1
archives:
  v0.13.0:
    bundle_sha256: 6d676d1b1323aea9cdc4562df7a791bee40518dc5ad3a93b6c872c4768db24eb
    tree_sha256: 3ab749ac997d832d29f53c7f0705c12b29062607c396c340eb82f39416781ce2
  v0.12.2:
    bundle_sha256: 0a1ae3a7bcdc4d679e04b2562230a0f2c7437b7914c4610e0bb4a4f67192ab40
    tree_sha256: 6b3066d2c76fc862d46c458ff863c6e5c50e3fb9a3f9e0b1b3d96f90d8b031d2
  v0.12.1:
    bundle_sha256: 156ced805a2fd9f677e802e827709af6457f2efa04852d12a23f34a7b8e5eac6
    tree_sha256: 908e4fd65478a27ea45b4bd43374bb65d38fa672a14389cf73f05bfe403c3713
  v0.12.0:
    bundle_sha256: 192599e03bf2357546feade0d465d4d3bfe1c9b061b336c4fb55d18a93f3c266
    tree_sha256: a40825e7dc0bb491022acbf1b65244c3980370b94d3c6c307d6d05d3aa667f1a
  v0.11.0:
    bundle_sha256: 04c065709cd9ddc3bf141e35fe432ba3277cbc3fc7abbbae83fc83891ca9fee0
    tree_sha256: b373612d3c1cc0e60073c285cec0fb28ac4a53d13605ba97450bed6b330c1908
  v0.10.0:
    bundle_sha256: ed42be854624b84afdb2c292708135316f7e051b5b363dc9d3c0840c0d727075
    tree_sha256: 0a5ed55179d20669de596a1c344ff4091458f0417ab4e643b8cceaa817dfe4ff
  v0.9.0:
    bundle_sha256: 8faf937fcbb4a2063881df0d5ffe120c9e0e496a7d967df3c54210eb831e629e
    tree_sha256: 9d5950128bc48ef41d5a4fb93c3d4f3496a54ff97fd8b5c69ff3927ed5c0becd
  v0.8.4:
    bundle_sha256: 58c1d41bab071c949b4f93b41890a7d7eb6bd570b3934a95fb791753511f450c
    tree_sha256: 18817c1ccf2cf313aac8143c53938522cfe27621724e6beaa0e43eaa663fc2e9
  v0.8.3:
    bundle_sha256: b2eccf8fb49ac08ad97f8451bee0300dfeada2ceba2c920cea4650706860fd04
    tree_sha256: 527ea79ac9084ebea2dfe614e0f8481505a733e512ea1d8e890b624f47bc50c6
  v0.8.2:
    bundle_sha256: d23ea041163515d618e53abe0696571d49e1bf01ff0c93d6238a5a5b2f7f3eff
    tree_sha256: 784ec14b486359307bf26ed280649d23130c21391e4c5bf457802d407f6e7dfc
  v0.8.1:
    bundle_sha256: 291efa082d49ae597bdbd981886b952b8770f8919b5f3afab52f990271550a6b
    tree_sha256: 49cd144f9a622bb1522bc784ae8ae0d302516e301e79d143a5cec7b66a14b029
  beta-5:
    bundle_sha256: 2cf54f1224d8b13e670ad639edb6671edbae0e19e6f9a04fe6f2bb85c90c6612
    tree_sha256: 42ee3865b12a25dae5b539b4308d65ff0b934b4c9e937b37b76ea20360f204d0
  beta-4:
    bundle_sha256: 1d4de05448d48556f64cede658944e93f451c02dfd3d4ebd7a05ac9b9dbbe91e
    tree_sha256: 13a869bdae2bfef35e90dcc69671bc811c48ec1ea93ca72730d725f27b3667fe
  beta-3:
    bundle_sha256: 6dfd12046eb3e2820f08bfa84c6834306678199e539451d0b0d27c662a7a7ba0
    tree_sha256: a8b1c59c047c696c2aa58334dea55fc3d65df8daefbed7ef238bc7a730d1b5f4
  beta-2026-06-12:
    bundle_sha256: feedc7da32364f484be472c2d9741de03395e17057a3ff8416a0aaf967440c67
    tree_sha256: bcd573eab9c2ab801fde6637b8c8fb33cedd79941a1e47d4296df3b5fae76854
  v0.15.0:
    bundle_sha256: fa3c3e63b4579601210e8d78fec41edcda9020b43d1482d1d7169df1de5f6e2c
    tree_sha256: a6b4d31f5a472db981f1f598bc9321381450933e623e8ccb626f1a673743d28a
  v0.15.1:
    bundle_sha256: cb362f863c465272d9aa9a8019e0e90faf7e6b5094ecc17bb481240c4d865a39
    tree_sha256: 836434b90087cbe241aaca0526194b2011b520bb3c6cea0e02058075b2d9084a
  v0.15.2:
    bundle_sha256: 50a951788d3eec16efbe4031714bce4d2ccde4c46ec77324c869ae84238cb37b
    tree_sha256: 0c9326cb1ab44c59a0f12d562bfb03ba0ba39207ed165180cf2c4bbced18bfc1
  v0.16.0:
    bundle_sha256: 5cec7b5a07b3f8e994802328fcd64715f0e3cc74a08b33c7d9007b67448dcded
    root_tree_sha256: 58a89220af382a24331795d9e8b42a45a8270c0d0c0c35e3aa90c8f8a8cba162
    version_tree_sha256: 6682780348fd51d9896aa60ce40bdefacd816a6db0e6c253723d933a6ce3bd5a
  v0.16.1:
    bundle_sha256: bf413624c24f5d69f2d959f3be6666652937630cc3493481d1eec5ee4fea8305
    root_tree_sha256: 00d0ced6adbf89412f93497de13377828b82cd70d49171c55178802c3ab53052
    version_tree_sha256: 8b67e1b720039acd0301f31ef0d5aaceffbe7fbff7fa9aa013d5bad96c8c729a
  v0.16.2:
    bundle_sha256: ee0b63021d2fc6fac8db70a1196a0bfb052c6381cd37d7923be807204fb19790
    root_tree_sha256: 075f405a1d5a7514daa75095df79405b21bc527d98e17322f82182c6b64d3423
    version_tree_sha256: 33d399f0fd03aa55dce4de25dcb4315b2d9cd735269d27ca5f87404755778595
  v0.16.3:
    bundle_sha256: c9d4ba77d44006448081e12aea31adbb728bd1085370b17de949b47fef643644
    root_tree_sha256: 5b545b0daff503e6ca5de6eda87de2fc51e5be8c82ec59fab66d0c1b1c9c0bd1
    version_tree_sha256: b01b1f837df8e8e96c38e27064c631422aa1bfc4269e8401a9580ec611d4c6d2
  v0.17.0:
    bundle_sha256: 30fc0e526020b858f2d402a257f24565157ff64230b9ee52d5b9211b0c1585d9
    root_tree_sha256: 04c9977001dcdfcbb1c532d565f79ddc1d6fa5f4190274b1e340d45e96a3cae8
    version_tree_sha256: de62f93f4643c9e46899d6274c9a467333cb8d9c770e5377a3f8f3fe2f9f3743
  v0.18.0:
    bundle_sha256: 1e429d2167358c950b531021ff70b77b251ec4a73cb3b34bb718b07bd558f047
    root_tree_sha256: 3e9a0a6447b121884a7318a6a560491094aa2f5c345fdbe160833da1877ecc86
    version_tree_sha256: 82ff1ab0c7155847c3f11e4558d7d8a9329fa6d1ed7ee8cc61248cd9a402538f
  v0.20.0:
    bundle_sha256: 83c5b7f11ecea07d263533907e3ba53b438c84fb4e932ac87960d1b93b1f0534
    root_tree_sha256: 75112e03bf2810912693bcffcf6ee02e934ce7d2e3ddae283774f09d0349a3a5
    version_tree_sha256: 824ba889718b49134148334ac7d403e4ad20b372a7a65a729686555775b496e0
  v0.20.1:
    bundle_sha256: b01fcaa62901a154bce74d444a5ecb8f36cc953996d791694f3d9ab9c15dbf3d
    root_tree_sha256: 335d0f393a53483258b92fe1e8721923a77fb15a6d3f6ac98e7e83cfc477b650
    version_tree_sha256: c097383b10e9e4addcf66d046680b61f26dfe9c31cbdc9bcda78c19c46f41b64
  v0.21.0:
    bundle_sha256: 2c0e509bd26ad76dbb1a5b9d18622dc73b30c4a99a5f7efe5de6173cad4aa6e6
    root_tree_sha256: 8d73f12f6fb32fb7023fd8a9827b7a9790763c19d08fddb74b10b8179ae428de
    version_tree_sha256: b6ae5c8978922778c9b1715a98ca1083165b3952247bfa3abe52ea010764f63c
  v0.22.0:
    bundle_sha256: 2c28e1fa225424d2b07346c8ab409db6aa978256488c4359032ce0223a8759f9
    root_tree_sha256: bc051350d993f6a20f59dc8540c680cec395b38097433fc181aa0eb1f15d5cd4
    version_tree_sha256: 2c167436177b054bba0fd4420885274b768ba72de6d99cd9a2bd7be9c2b91ed1
  v0.23.0:
    bundle_sha256: 3777f6833d2b1fc828e809a75fbbf40d485f3023edc233bddbdbbd0b3596a877
    root_tree_sha256: 7d9cc7d4a7dde523562a3813f8faf6545d219a8f097c9891649db21cb7e47a57
    version_tree_sha256: 0fab2706a8f2faf81869370c7510d2f5d034494c17fe252f34835fdeb96fc1b7
  v0.24.0:
    bundle_sha256: 7ff1ae9dbc2a02fe4373e96373e72acff07b50eb5f0f541f2ff83f210b4ed1e8
    root_tree_sha256: 655f0ddbce54c5f4d8d4f282305b837d6050aaf3e17bd151b8e4daac5867c42f
    version_tree_sha256: de6afccebd097a13fc560d222f73b42a52cf2f1800ab11298bf7a7710aa046b2
  v0.25.0:
    bundle_sha256: b70c62e5fdd4ebd904692392bf02827c6305d9819e5161a61b46a59a292a1e77
    root_tree_sha256: ecb054a84326ead01062172552d5f520deff9bb5d9a7ed9dde28db507d93e43c
    version_tree_sha256: 666483ed2dc1f142fadc8a7b2315c1187e6e1592cca462cd51acce13ae44a6f4
