schema_version: registry-docs.archive-lock.v1
archives:
  v0.13.0:
    bundle_sha256: 6d676d1b1323aea9cdc4562df7a791bee40518dc5ad3a93b6c872c4768db24eb
    tree_sha256: 3ab749ac997d832d29f53c7f0705c12b29062607c396c340eb82f39416781ce2
  v0.12.2:
    bundle_sha256: 0a1ae3a7bcdc4d679e04b2562230a0f2c7437b7914c4610e0bb4a4f67192ab40
    tree_sha256: 6b3066d2c76fc862d46c458ff863c6e5c50e3fb9a3f9e0b1b3d96f90d8b031d2
  v0.12.1:
    bundle_sha256: 156ced805a2fd9f677e802e827709af6457f2efa04852d12a23f34a7b8e5eac6
    tree_sha256: 908e4fd65478a27ea45b4bd43374bb65d38fa672a14389cf73f05bfe403c3713
  v0.12.0:
    bundle_sha256: 192599e03bf2357546feade0d465d4d3bfe1c9b061b336c4fb55d18a93f3c266
    tree_sha256: a40825e7dc0bb491022acbf1b65244c3980370b94d3c6c307d6d05d3aa667f1a
  v0.11.0:
    bundle_sha256: 04c065709cd9ddc3bf141e35fe432ba3277cbc3fc7abbbae83fc83891ca9fee0
    tree_sha256: b373612d3c1cc0e60073c285cec0fb28ac4a53d13605ba97450bed6b330c1908
  v0.10.0:
    bundle_sha256: ed42be854624b84afdb2c292708135316f7e051b5b363dc9d3c0840c0d727075
    tree_sha256: 0a5ed55179d20669de596a1c344ff4091458f0417ab4e643b8cceaa817dfe4ff
  v0.9.0:
    bundle_sha256: 8faf937fcbb4a2063881df0d5ffe120c9e0e496a7d967df3c54210eb831e629e
    tree_sha256: 9d5950128bc48ef41d5a4fb93c3d4f3496a54ff97fd8b5c69ff3927ed5c0becd
  v0.8.4:
    bundle_sha256: 58c1d41bab071c949b4f93b41890a7d7eb6bd570b3934a95fb791753511f450c
    tree_sha256: 18817c1ccf2cf313aac8143c53938522cfe27621724e6beaa0e43eaa663fc2e9
  v0.8.3:
    bundle_sha256: b2eccf8fb49ac08ad97f8451bee0300dfeada2ceba2c920cea4650706860fd04
    tree_sha256: 527ea79ac9084ebea2dfe614e0f8481505a733e512ea1d8e890b624f47bc50c6
  v0.8.2:
    bundle_sha256: d23ea041163515d618e53abe0696571d49e1bf01ff0c93d6238a5a5b2f7f3eff
    tree_sha256: 784ec14b486359307bf26ed280649d23130c21391e4c5bf457802d407f6e7dfc
  v0.8.1:
    bundle_sha256: 291efa082d49ae597bdbd981886b952b8770f8919b5f3afab52f990271550a6b
    tree_sha256: 49cd144f9a622bb1522bc784ae8ae0d302516e301e79d143a5cec7b66a14b029
  beta-5:
    bundle_sha256: 2cf54f1224d8b13e670ad639edb6671edbae0e19e6f9a04fe6f2bb85c90c6612
    tree_sha256: 42ee3865b12a25dae5b539b4308d65ff0b934b4c9e937b37b76ea20360f204d0
  beta-4:
    bundle_sha256: 1d4de05448d48556f64cede658944e93f451c02dfd3d4ebd7a05ac9b9dbbe91e
    tree_sha256: 13a869bdae2bfef35e90dcc69671bc811c48ec1ea93ca72730d725f27b3667fe
  beta-3:
    bundle_sha256: 6dfd12046eb3e2820f08bfa84c6834306678199e539451d0b0d27c662a7a7ba0
    tree_sha256: a8b1c59c047c696c2aa58334dea55fc3d65df8daefbed7ef238bc7a730d1b5f4
  beta-2026-06-12:
    bundle_sha256: feedc7da32364f484be472c2d9741de03395e17057a3ff8416a0aaf967440c67
    tree_sha256: bcd573eab9c2ab801fde6637b8c8fb33cedd79941a1e47d4296df3b5fae76854
  v0.15.0:
    bundle_sha256: fa3c3e63b4579601210e8d78fec41edcda9020b43d1482d1d7169df1de5f6e2c
    tree_sha256: a6b4d31f5a472db981f1f598bc9321381450933e623e8ccb626f1a673743d28a
  v0.15.1:
    bundle_sha256: cb362f863c465272d9aa9a8019e0e90faf7e6b5094ecc17bb481240c4d865a39
    tree_sha256: 836434b90087cbe241aaca0526194b2011b520bb3c6cea0e02058075b2d9084a
  v0.15.2:
    bundle_sha256: 50a951788d3eec16efbe4031714bce4d2ccde4c46ec77324c869ae84238cb37b
    tree_sha256: 0c9326cb1ab44c59a0f12d562bfb03ba0ba39207ed165180cf2c4bbced18bfc1
  v0.16.0:
    bundle_sha256: 55e94e9048b014b0fa8d331382ee8328906972206f85a8d48ef3828571aad6c3
    root_tree_sha256: d18a57ba89730d2adcc6c2fbb6f05648a37a44658c3fb358bdd3b5de79264edd
    version_tree_sha256: 6682780348fd51d9896aa60ce40bdefacd816a6db0e6c253723d933a6ce3bd5a
