version = 1
revision = 3
requires-python = ">=3.11, <3.15"
resolution-markers = [
    "python_full_version >= '3.12'",
    "python_full_version < '3.12'",
]

[[package]]
name = "html5rdf"
version = "1.2.1"
source = { registry = "https://pypi.org/simple" }
sdist = { url = "https://files.pythonhosted.org/packages/4c/55/1b839c43f5ed8207e17a9a02d8b395179520b8b4f00c00a41e113bc205ca/html5rdf-1.2.1.tar.gz", hash = "sha256:ace9b420ce52995bb4f05e7425eedf19e433c981dfe7a831ab391e2fa2e1a195", size = 287899, upload-time = "2024-10-30T05:06:56.384Z" }
wheels = [
    { url = "https://files.pythonhosted.org/packages/7d/c9/f6e1e8567660bc5b0aba281f2b0017b2a7665fcad6bf3ed67286a0c72cd4/html5rdf-1.2.1-py2.py3-none-any.whl", hash = "sha256:1f519121bc366af3e485310dc8041d2e86e5173c1a320fac3dc9d2604069b83e", size = 109765, upload-time = "2024-10-30T05:06:52.507Z" },
]

[[package]]
name = "importlib-metadata"
version = "9.0.0"
source = { registry = "https://pypi.org/simple" }
dependencies = [
    { name = "zipp", marker = "python_full_version < '3.12'" },
]
sdist = { url = "https://files.pythonhosted.org/packages/a9/01/15bb152d77b21318514a96f43af312635eb2500c96b55398d020c93d86ea/importlib_metadata-9.0.0.tar.gz", hash = "sha256:a4f57ab599e6a2e3016d7595cfd72eb4661a5106e787a95bcc90c7105b831efc", size = 56405, upload-time = "2026-03-20T06:42:56.999Z" }
wheels = [
    { url = "https://files.pythonhosted.org/packages/38/3d/2d244233ac4f76e38533cfcb2991c9eb4c7bf688ae0a036d30725b8faafe/importlib_metadata-9.0.0-py3-none-any.whl", hash = "sha256:2d21d1cc5a017bd0559e36150c21c830ab1dc304dedd1b7ea85d20f45ef3edd7", size = 27789, upload-time = "2026-03-20T06:42:55.665Z" },
]

[[package]]
name = "owlrl"
version = "7.1.4"
source = { registry = "https://pypi.org/simple" }
dependencies = [
    { name = "rdflib" },
]
sdist = { url = "https://files.pythonhosted.org/packages/d1/fc/ce12482d096d65fff01af58f555a6f25e9dbf416fad5d99f91eaab0e11ca/owlrl-7.1.4.tar.gz", hash = "sha256:60bd4067e346b9111f0a2924565afe97ac6595b98b2bbe953928b5113971daf7", size = 44420, upload-time = "2025-07-29T00:17:27.608Z" }
wheels = [
    { url = "https://files.pythonhosted.org/packages/de/78/f857ff1a7207e967dc5e8414bbcc15e0aa5cf45f693b1d2ebe2afb3eb1ce/owlrl-7.1.4-py3-none-any.whl", hash = "sha256:e78b46020169783345636da93a467d318f18700c483184dd15e885850cf64775", size = 51981, upload-time = "2025-07-29T00:17:26.229Z" },
]

[[package]]
name = "packaging"
version = "26.3"
source = { registry = "https://pypi.org/simple" }
sdist = { url = "https://files.pythonhosted.org/packages/7d/fa/3944b40b07da9ce895c0e6303a5ab7d53da063554f534556b134a54d6093/packaging-26.3.tar.gz", hash = "sha256:94edc256424af38762eb31306eed28beb9f0efc50a8837492c9d6fd6004aed79", size = 313412, upload-time = "2026-08-04T18:15:28.737Z" }
wheels = [
    { url = "https://files.pythonhosted.org/packages/63/34/ba1c580383c9eada3711951fef0795c80b829a078d72188184bcab9dd527/packaging-26.3-py3-none-any.whl", hash = "sha256:d7193f7c8e4e93f444fde0262bf90af30e16fa0ad0ad44cb553c87339b23cd1c", size = 129956, upload-time = "2026-08-04T18:15:27.159Z" },
]

[[package]]
name = "prettytable"
version = "3.18.0"
source = { registry = "https://pypi.org/simple" }
dependencies = [
    { name = "wcwidth" },
]
sdist = { url = "https://files.pythonhosted.org/packages/81/74/ba08d81e668ccfe8658d7520a307e63c19862c08eb4ccb26f356c5239a7a/prettytable-3.18.0.tar.gz", hash = "sha256:439217116152244369caf3d9f1caf2f9fe29b03bd79e88d2928c8e718c95d680", size = 76373, upload-time = "2026-06-22T16:07:50.174Z" }
wheels = [
    { url = "https://files.pythonhosted.org/packages/fe/be/2e6798ace5cc036f5d05d36b7b2fd85346f1a708c87060890b070d0ec607/prettytable-3.18.0-py3-none-any.whl", hash = "sha256:b3346e0e6f79180833aebaac088ae926340586cf6d7d991b9eb125b65f72313a", size = 37357, upload-time = "2026-06-22T16:07:48.595Z" },
]

[[package]]
name = "pyparsing"
version = "3.3.2"
source = { registry = "https://pypi.org/simple" }
sdist = { url = "https://files.pythonhosted.org/packages/f3/91/9c6ee907786a473bf81c5f53cf703ba0957b23ab84c264080fb5a450416f/pyparsing-3.3.2.tar.gz", hash = "sha256:c777f4d763f140633dcb6d8a3eda953bf7a214dc4eff598413c070bcdc117cbc", size = 6851574, upload-time = "2026-01-21T03:57:59.36Z" }
wheels = [
    { url = "https://files.pythonhosted.org/packages/10/bd/c038d7cc38edc1aa5bf91ab8068b63d4308c66c4c8bb3cbba7dfbc049f9c/pyparsing-3.3.2-py3-none-any.whl", hash = "sha256:850ba148bd908d7e2411587e247a1e4f0327839c40e2e5e6d05a007ecc69911d", size = 122781, upload-time = "2026-01-21T03:57:55.912Z" },
]

[[package]]
name = "pyshacl"
version = "0.30.1"
source = { registry = "https://pypi.org/simple" }
dependencies = [
    { name = "importlib-metadata", marker = "python_full_version < '3.12'" },
    { name = "owlrl" },
    { name = "packaging" },
    { name = "prettytable" },
    { name = "rdflib", extra = ["html"] },
]
sdist = { url = "https://files.pythonhosted.org/packages/c0/32/1602c3f4ab567b6d020bdd630c348fcf25d899f9e2b7a50385b10761673c/pyshacl-0.30.1.tar.gz", hash = "sha256:df712ac961b1ee7bcf0b27fa71ecab7785a135b2af69783ce30cb05fe41bcaf5", size = 1392238, upload-time = "2025-03-14T23:28:15.702Z" }
wheels = [
    { url = "https://files.pythonhosted.org/packages/d8/12/3747eff45147d416c054881b7c0902b21ac7767b905f666c714233688c81/pyshacl-0.30.1-py3-none-any.whl", hash = "sha256:d7e0c21b25e948bb643dbc5db6258da64a90a8ac89055c1fe562b469031072aa", size = 1290522, upload-time = "2025-03-14T23:28:12.72Z" },
]

[[package]]
name = "rdflib"
version = "7.1.4"
source = { registry = "https://pypi.org/simple" }
dependencies = [
    { name = "pyparsing" },
]
sdist = { url = "https://files.pythonhosted.org/packages/e8/7e/cb2d74466bd8495051ebe2d241b1cb1d4acf9740d481126aef19ef2697f5/rdflib-7.1.4.tar.gz", hash = "sha256:fed46e24f26a788e2ab8e445f7077f00edcf95abb73bcef4b86cefa8b62dd174", size = 4692745, upload-time = "2025-03-29T02:23:02.386Z" }
wheels = [
    { url = "https://files.pythonhosted.org/packages/f4/31/e9b6f04288dcd3fa60cb3179260d6dad81b92aef3063d679ac7d80a827ea/rdflib-7.1.4-py3-none-any.whl", hash = "sha256:72f4adb1990fa5241abd22ddaf36d7cafa5d91d9ff2ba13f3086d339b213d997", size = 565051, upload-time = "2025-03-29T02:22:44.987Z" },
]

[package.optional-dependencies]
html = [
    { name = "html5rdf" },
]

[[package]]
name = "registry-discovery-standards-oracle"
version = "0.0.0"
source = { virtual = "." }
dependencies = [
    { name = "pyshacl" },
    { name = "rdflib" },
]

[package.metadata]
requires-dist = [
    { name = "pyshacl", specifier = "==0.30.1" },
    { name = "rdflib", specifier = "==7.1.4" },
]

[[package]]
name = "wcwidth"
version = "0.8.2"
source = { registry = "https://pypi.org/simple" }
sdist = { url = "https://files.pythonhosted.org/packages/34/74/c6428f875774288bec1396f5bfcbc2d925700a4dad61727fd5f2b12f249d/wcwidth-0.8.2.tar.gz", hash = "sha256:91fbef97204b96a3d4d421609b80340b760cf33e26da123ff243d76b1fda8dda", size = 1466253, upload-time = "2026-06-29T18:11:11.601Z" }
wheels = [
    { url = "https://files.pythonhosted.org/packages/96/42/3e5985a0a7e57de470b320c6d6a1a67c844f6737a587f3d44dd13d1819e7/wcwidth-0.8.2-py3-none-any.whl", hash = "sha256:d63947694a0539a1d51e01eda7caf800c291020e6cdd7e28ad7b14dd33ad4f85", size = 323166, upload-time = "2026-06-29T18:11:09.888Z" },
]

[[package]]
name = "zipp"
version = "4.1.0"
source = { registry = "https://pypi.org/simple" }
sdist = { url = "https://files.pythonhosted.org/packages/b9/d8/eab98a517c14134c0b2eb4e2387bc5f457334293ec5d2dd3857ec2966802/zipp-4.1.0.tar.gz", hash = "sha256:4cb57381f544315db7688e976e922a2b18cdb513d21cc194eb42232ba2a3e602", size = 26214, upload-time = "2026-05-18T20:08:57.967Z" }
wheels = [
    { url = "https://files.pythonhosted.org/packages/3a/13/547360d81e6d88d58492968ffda9f9542854f11310ee556fef14260cc886/zipp-4.1.0-py3-none-any.whl", hash = "sha256:25ad4e16390cd314347dd8f1de67a2ac538ae658ed4ab9db16029c07c188e97f", size = 10238, upload-time = "2026-05-18T20:08:57.045Z" },
]
